
Microsoft Visual Studio Solution File, Format Version 12.00
# Visual Studio Version 16
VisualStudioVersion = 16.0.31515.178
MinimumVisualStudioVersion = 10.0.40219.1
Project("{2150E333-8FDC-42A3-9474-1A3956D46DE8}") = "Domain", "Domain", "{4DDCF02D-92A0-4603-B927-F3FDC6C51903}"
EndProject
Project("{9A19103F-16F7-4668-BE54-9A1E7A4F7556}") = "Aula.DDD.CQRS.Domain", "Alpha.DDD.CQRS.Domain\Aula.DDD.CQRS.Domain.csproj", "{9D0DF9F0-CA9B-4770-A13F-DFA0F234045A}"
EndProject
Project("{2150E333-8FDC-42A3-9474-1A3956D46DE8}") = "Infra", "Infra", "{85B00940-C8FC-4186-9DA5-60EF20DABA32}"
EndProject
Project("{9A19103F-16F7-4668-BE54-9A1E7A4F7556}") = "Aula.DDD.CQRS.Infra", "Alpha.DDD.CQRS.Infra\Aula.DDD.CQRS.Infra.csproj", "{D32537E8-39F6-4EB7-9D61-49301B9DA034}"
EndProject
Project("{2150E333-8FDC-42A3-9474-1A3956D46DE8}") = "Application", "Application", "{8044C411-A92D-45B9-9DB4-E71255E3D959}"
EndProject
Project("{FAE04EC0-301F-11D3-BF4B-00C04F79EFBC}") = "Aula.DDD.CQRS.Application", "Aula.DDD.CQRS.Application\Aula.DDD.CQRS.Application.csproj", "{A913E489-8DB9-4EC7-9DFB-3B7D916EC951}"
EndProject
Global
	GlobalSection(SolutionConfigurationPlatforms) = preSolution
		Debug|Any CPU = Debug|Any CPU
		Release|Any CPU = Release|Any CPU
	EndGlobalSection
	GlobalSection(ProjectConfigurationPlatforms) = postSolution
		{9D0DF9F0-CA9B-4770-A13F-DFA0F234045A}.Debug|Any CPU.ActiveCfg = Debug|Any CPU
		{9D0DF9F0-CA9B-4770-A13F-DFA0F234045A}.Debug|Any CPU.Build.0 = Debug|Any CPU
		{9D0DF9F0-CA9B-4770-A13F-DFA0F234045A}.Release|Any CPU.ActiveCfg = Release|Any CPU
		{9D0DF9F0-CA9B-4770-A13F-DFA0F234045A}.Release|Any CPU.Build.0 = Release|Any CPU
		{D32537E8-39F6-4EB7-9D61-49301B9DA034}.Debug|Any CPU.ActiveCfg = Debug|Any CPU
		{D32537E8-39F6-4EB7-9D61-49301B9DA034}.Debug|Any CPU.Build.0 = Debug|Any CPU
		{D32537E8-39F6-4EB7-9D61-49301B9DA034}.Release|Any CPU.ActiveCfg = Release|Any CPU
		{D32537E8-39F6-4EB7-9D61-49301B9DA034}.Release|Any CPU.Build.0 = Release|Any CPU
		{A913E489-8DB9-4EC7-9DFB-3B7D916EC951}.Debug|Any CPU.ActiveCfg = Debug|Any CPU
		{A913E489-8DB9-4EC7-9DFB-3B7D916EC951}.Debug|Any CPU.Build.0 = Debug|Any CPU
		{A913E489-8DB9-4EC7-9DFB-3B7D916EC951}.Release|Any CPU.ActiveCfg = Release|Any CPU
		{A913E489-8DB9-4EC7-9DFB-3B7D916EC951}.Release|Any CPU.Build.0 = Release|Any CPU
	EndGlobalSection
	GlobalSection(SolutionProperties) = preSolution
		HideSolutionNode = FALSE
	EndGlobalSection
	GlobalSection(NestedProjects) = preSolution
		{9D0DF9F0-CA9B-4770-A13F-DFA0F234045A} = {4DDCF02D-92A0-4603-B927-F3FDC6C51903}
		{D32537E8-39F6-4EB7-9D61-49301B9DA034} = {85B00940-C8FC-4186-9DA5-60EF20DABA32}
		{A913E489-8DB9-4EC7-9DFB-3B7D916EC951} = {8044C411-A92D-45B9-9DB4-E71255E3D959}
	EndGlobalSection
	GlobalSection(ExtensibilityGlobals) = postSolution
		SolutionGuid = {22B1287B-B1B4-4421-8D94-B9CB0002757A}
	EndGlobalSection
EndGlobal
